
Microsoft Visual Studio Solution File, Format Version 12.00
# Visual Studio Version 16
VisualStudioVersion = 16.0.30011.22
MinimumVisualStudioVersion = 10.0.40219.1
Project("{2150E333-8FDC-42A3-9474-1A3956D46DE8}") = "General", "General", "{78F55613-D361-4B78-B6A4-9E43CD4AD2F6}"
EndProject
Project("{FAE04EC0-301F-11D3-BF4B-00C04F79EFBC}") = "MoscowCommercial.Core", "MoscowCommercial.Core\MoscowCommercial.Core.csproj", "{CA1146DD-8B08-4353-9809-8C5C464AE3A6}"
EndProject
Global
	GlobalSection(SolutionConfigurationPlatforms) = preSolution
		Debug|Any CPU = Debug|Any CPU
		Release|Any CPU = Release|Any CPU
	EndGlobalSection
	GlobalSection(ProjectConfigurationPlatforms) = postSolution
		{CA1146DD-8B08-4353-9809-8C5C464AE3A6}.Debug|Any CPU.ActiveCfg = Debug|Any CPU
		{CA1146DD-8B08-4353-9809-8C5C464AE3A6}.Debug|Any CPU.Build.0 = Debug|Any CPU
		{CA1146DD-8B08-4353-9809-8C5C464AE3A6}.Release|Any CPU.ActiveCfg = Release|Any CPU
		{CA1146DD-8B08-4353-9809-8C5C464AE3A6}.Release|Any CPU.Build.0 = Release|Any CPU
	EndGlobalSection
	GlobalSection(SolutionProperties) = preSolution
		HideSolutionNode = FALSE
	EndGlobalSection
	GlobalSection(NestedProjects) = preSolution
		{CA1146DD-8B08-4353-9809-8C5C464AE3A6} = {78F55613-D361-4B78-B6A4-9E43CD4AD2F6}
	EndGlobalSection
	GlobalSection(ExtensibilityGlobals) = postSolution
		SolutionGuid = {E56B24BE-1E2A-49C3-8B3C-2F439B0DA881}
	EndGlobalSection
EndGlobal
